// !$*UTF8*$!
{
	archiveVersion = 1;
	classes = {
	};
	objectVersion = 56;
	objects = {

/* Begin PBXBuildFile section */
		BD30F08F2C57D3DC0065FCD1 /* KWKDAY6QuestionappApp.swift in Sources */ = {isa = PBXBuildFile; fileRef = BD30F08E2C57D3DC0065FCD1 /* KWKDAY6QuestionappApp.swift */; };
		BD30F0912C57D3DC0065FCD1 /* ContentView.swift in Sources */ = {isa = PBXBuildFile; fileRef = BD30F0902C57D3DC0065FCD1 /* ContentView.swift */; };
		BD30F0932C57D3DD0065FCD1 /* Assets.xcassets in Resources */ = {isa = PBXBuildFile; fileRef = BD30F0922C57D3DD0065FCD1 /* Assets.xcassets */; };
		BD30F0962C57D3DD0065FCD1 /* Preview Assets.xcassets in Resources */ = {isa = PBXBuildFile; fileRef = BD30F0952C57D3DD0065FCD1 /* Preview Assets.xcassets */; };
		BD30F09D2C57D6F00065FCD1 /* SecondContentView.swift in Sources */ = {isa = PBXBuildFile; fileRef = BD30F09C2C57D6F00065FCD1 /* SecondContentView.swift */; };
		BD30F09F2C57D8160065FCD1 /* ThirdContentView.swift in Sources */ = {isa = PBXBuildFile; fileRef = BD30F09E2C57D8160065FCD1 /* ThirdContentView.swift */; };
		BD30F0A12C57D8BE0065FCD1 /* FourthContentView.swift in Sources */ = {isa = PBXBuildFile; fileRef = BD30F0A02C57D8BE0065FCD1 /* FourthContentView.swift */; };
		BDAD1C582C592EA30074694D /* TitleScreen.swift in Sources */ = {isa = PBXBuildFile; fileRef = BDAD1C572C592EA30074694D /* TitleScreen.swift */; };
/* End PBXBuildFile section */

/* Begin PBXFileReference section */
		BD30F08B2C57D3DC0065FCD1 /* KWKDAY6Questionapp.app */ = {isa = PBXFileReference; explicitFileType = wrapper.application; includeInIndex = 0; path = KWKDAY6Questionapp.app; sourceTree = BUILT_PRODUCTS_DIR; };
		BD30F08E2C57D3DC0065FCD1 /* KWKDAY6QuestionappApp.swift */ = {isa = PBXFileReference; lastKnownFileType = sourcecode.swift; path = KWKDAY6QuestionappApp.swift; sourceTree = "<group>"; };
		BD30F0902C57D3DC0065FCD1 /* ContentView.swift */ = {isa = PBXFileReference; lastKnownFileType = sourcecode.swift; path = ContentView.swift; sourceTree = "<group>"; };
		BD30F0922C57D3DD0065FCD1 /* Assets.xcassets */ = {isa = PBXFileReference; lastKnownFileType = folder.assetcatalog; path = Assets.xcassets; sourceTree = "<group>"; };
		BD30F0952C57D3DD0065FCD1 /* Preview Assets.xcassets */ = {isa = PBXFileReference; lastKnownFileType = folder.assetcatalog; path = "Preview Assets.xcassets"; sourceTree = "<group>"; };
		BD30F09C2C57D6F00065FCD1 /* SecondContentView.swift */ = {isa = PBXFileReference; lastKnownFileType = sourcecode.swift; path = SecondContentView.swift; sourceTree = "<group>"; };
		BD30F09E2C57D8160065FCD1 /* ThirdContentView.swift */ = {isa = PBXFileReference; lastKnownFileType = sourcecode.swift; path = ThirdContentView.swift; sourceTree = "<group>"; };
		BD30F0A02C57D8BE0065FCD1 /* FourthContentView.swift */ = {isa = PBXFileReference; lastKnownFileType = sourcecode.swift; path = FourthContentView.swift; sourceTree = "<group>"; };
		BDAD1C572C592EA30074694D /* TitleScreen.swift */ = {isa = PBXFileReference; lastKnownFileType = sourcecode.swift; path = TitleScreen.swift; sourceTree = "<group>"; };
/* End PBXFileReference section */

/* Begin PBXFrameworksBuildPhase section */
		BD30F0882C57D3DC0065FCD1 /* Frameworks */ = {
			isa = PBXFrameworksBuildPhase;
			buildActionMask = 2147483647;
			files = (
			);
			runOnlyForDeploymentPostprocessing = 0;
		};
/* End PBXFrameworksBuildPhase section */

/* Begin PBXGroup section */
		BD30F0822C57D3DC0065FCD1 = {
			isa = PBXGroup;
			children = (
				BD30F08D2C57D3DC0065FCD1 /* KWKDAY6Questionapp */,
				BD30F08C2C57D3DC0065FCD1 /* Products */,
			);
			sourceTree = "<group>";
		};
		BD30F08C2C57D3DC0065FCD1 /* Products */ = {
			isa = PBXGroup;
			children = (
				BD30F08B2C57D3DC0065FCD1 /* KWKDAY6Questionapp.app */,
			);
			name = Products;
			sourceTree = "<group>";
		};
		BD30F08D2C57D3DC0065FCD1 /* KWKDAY6Questionapp */ = {
			isa = PBXGroup;
			children = (
				BD30F08E2C57D3DC0065FCD1 /* KWKDAY6QuestionappApp.swift */,
				BDAD1C572C592EA30074694D /* TitleScreen.swift */,
				BD30F0902C57D3DC0065FCD1 /* ContentView.swift */,
				BD30F09C2C57D6F00065FCD1 /* SecondContentView.swift */,
				BD30F09E2C57D8160065FCD1 /* ThirdContentView.swift */,
				BD30F0A02C57D8BE0065FCD1 /* FourthContentView.swift */,
				BD30F0922C57D3DD0065FCD1 /* Assets.xcassets */,
				BD30F0942C57D3DD0065FCD1 /* Preview Content */,
			);
			path = KWKDAY6Questionapp;
			sourceTree = "<group>";
		};
		BD30F0942C57D3DD0065FCD1 /* Preview Content */ = {
			isa = PBXGroup;
			children = (
				BD30F0952C57D3DD0065FCD1 /* Preview Assets.xcassets */,
			);
			path = "Preview Content";
			sourceTree = "<group>";
		};
/* End PBXGroup section */

/* Begin PBXNativeTarget section */
		BD30F08A2C57D3DC0065FCD1 /* KWKDAY6Questionapp */ = {
			isa = PBXNativeTarget;
			buildConfigurationList = BD30F0992C57D3DD0065FCD1 /* Build configuration list for PBXNativeTarget "KWKDAY6Questionapp" */;
			buildPhases = (
				BD30F0872C57D3DC0065FCD1 /* Sources */,
				BD30F0882C57D3DC0065FCD1 /* Frameworks */,
				BD30F0892C57D3DC0065FCD1 /* Resources */,
			);
			buildRules = (
			);
			dependencies = (
			);
			name = KWKDAY6Questionapp;
			productName = KWKDAY6Questionapp;
			productReference = BD30F08B2C57D3DC0065FCD1 /* KWKDAY6Questionapp.app */;
			productType = "com.apple.product-type.application";
		};
/* End PBXNativeTarget section */

/* Begin PBXProject section */
		BD30F0832C57D3DC0065FCD1 /* Project object */ = {
			isa = PBXProject;
			attributes = {
				BuildIndependentTargetsInParallel = 1;
				LastSwiftUpdateCheck = 1540;
				LastUpgradeCheck = 1540;
				TargetAttributes = {
					BD30F08A2C57D3DC0065FCD1 = {
						CreatedOnToolsVersion = 15.4;
					};
				};
			};
			buildConfigurationList = BD30F0862C57D3DC0065FCD1 /* Build configuration list for PBXProject "KWKDAY6Questionapp" */;
			compatibilityVersion = "Xcode 14.0";
			developmentRegion = en;
			hasScannedForEncodings = 0;
			knownRegions = (
				en,
				Base,
			);
			mainGroup = BD30F0822C57D3DC0065FCD1;
			productRefGroup = BD30F08C2C57D3DC0065FCD1 /* Products */;
			projectDirPath = "";
			projectRoot = "";
			targets = (
				BD30F08A2C57D3DC0065FCD1 /* KWKDAY6Questionapp */,
			);
		};
/* End PBXProject section */

/* Begin PBXResourcesBuildPhase section */
		BD30F0892C57D3DC0065FCD1 /* Resources */ = {
			isa = PBXResourcesBuildPhase;
			buildActionMask = 2147483647;
			files = (
				BD30F0962C57D3DD0065FCD1 /* Preview Assets.xcassets in Resources */,
				BD30F0932C57D3DD0065FCD1 /* Assets.xcassets in Resources */,
			);
			runOnlyForDeploymentPostprocessing = 0;
		};
/* End PBXResourcesBuildPhase section */

/* Begin PBXSourcesBuildPhase section */
		BD30F0872C57D3DC0065FCD1 /* Sources */ = {
			isa = PBXSourcesBuildPhase;
			buildActionMask = 2147483647;
			files = (
				BD30F0912C57D3DC0065FCD1 /* ContentView.swift in Sources */,
				BD30F09D2C57D6F00065FCD1 /* SecondContentView.swift in Sources */,
				BDAD1C582C592EA30074694D /* TitleScreen.swift in Sources */,
				BD30F09F2C57D8160065FCD1 /* ThirdContentView.swift in Sources */,
				BD30F08F2C57D3DC0065FCD1 /* KWKDAY6QuestionappApp.swift in Sources */,
				BD30F0A12C57D8BE0065FCD1 /* FourthContentView.swift in Sources */,
			);
			runOnlyForDeploymentPostprocessing = 0;
		};
/* End PBXSourcesBuildPhase section */

/* Begin XCBuildConfiguration section */
		BD30F0972C57D3DD0065FCD1 /* Debug */ = {
			isa = XCBuildConfiguration;
			buildSettings = {
				ALWAYS_SEARCH_USER_PATHS = NO;
				ASSETCATALOG_COMPILER_GENERATE_SWIFT_ASSET_SYMBOL_EXTENSIONS = YES;
				CLANG_ANALYZER_NONNULL = YES;
				CLANG_ANALYZER_NUMBER_OBJECT_CONVERSION = YES_AGGRESSIVE;
				CLANG_CXX_LANGUAGE_STANDARD = "gnu++20";
				CLANG_ENABLE_MODULES = YES;
				CLANG_ENABLE_OBJC_ARC = YES;
				CLANG_ENABLE_OBJC_WEAK = YES;
				CLANG_WARN_BLOCK_CAPTURE_AUTORELEASING = YES;
				CLANG_WARN_BOOL_CONVERSION = YES;
				CLANG_WARN_COMMA = YES;
				CLANG_WARN_CONSTANT_CONVERSION = YES;
				CLANG_WARN_DEPRECATED_OBJC_IMPLEMENTATIONS = YES;
				CLANG_WARN_DIRECT_OBJC_ISA_USAGE = YES_ERROR;
				CLANG_WARN_DOCUMENTATION_COMMENTS = YES;
				CLANG_WARN_EMPTY_BODY = YES;
				CLANG_WARN_ENUM_CONVERSION = YES;
				CLANG_WARN_INFINITE_RECURSION = YES;
				CLANG_WARN_INT_CONVERSION = YES;
				CLANG_WARN_NON_LITERAL_NULL_CONVERSION = YES;
				CLANG_WARN_OBJC_IMPLICIT_RETAIN_SELF = YES;
				CLANG_WARN_OBJC_LITERAL_CONVERSION = YES;
				CLANG_WARN_OBJC_ROOT_CLASS = YES_ERROR;
				CLANG_WARN_QUOTED_INCLUDE_IN_FRAMEWORK_HEADER = YES;
				CLANG_WARN_RANGE_LOOP_ANALYSIS = YES;
				CLANG_WARN_STRICT_PROTOTYPES = YES;
				CLANG_WARN_SUSPICIOUS_MOVE = YES;
				CLANG_WARN_UNGUARDED_AVAILABILITY = YES_AGGRESSIVE;
				CLANG_WARN_UNREACHABLE_CODE = YES;
				CLANG_WARN__DUPLICATE_METHOD_MATCH = YES;
				COPY_PHASE_STRIP = NO;
				DEBUG_INFORMATION_FORMAT = dwarf;
				ENABLE_STRICT_OBJC_MSGSEND = YES;
				ENABLE_TESTABILITY = YES;
				ENABLE_USER_SCRIPT_SANDBOXING = YES;
				GCC_C_LANGUAGE_STANDARD = gnu17;
				GCC_DYNAMIC_NO_PIC = NO;
				GCC_NO_COMMON_BLOCKS = YES;
				GCC_OPTIMIZATION_LEVEL = 0;
				GCC_PREPROCESSOR_DEFINITIONS = (
					"DEBUG=1",
					"$(inherited)",
				);
				GCC_WARN_64_TO_32_BIT_CONVERSION = YES;
				GCC_WARN_ABOUT_RETURN_TYPE = YES_ERROR;
				GCC_WARN_UNDECLARED_SELECTOR = YES;
				GCC_WARN_UNINITIALIZED_AUTOS = YES_AGGRESSIVE;
				GCC_WARN_UNUSED_FUNCTION = YES;
				GCC_WARN_UNUSED_VARIABLE = YES;
				IPHONEOS_DEPLOYMENT_TARGET = 17.5;
				LOCALIZATION_PREFERS_STRING_CATALOGS = YES;
				MTL_ENABLE_DEBUG_INFO = INCLUDE_SOURCE;
				MTL_FAST_MATH = YES;
				ONLY_ACTIVE_ARCH = YES;
				SDKROOT = iphoneos;
				SWIFT_ACTIVE_COMPILATION_CONDITIONS = "DEBUG $(inherited)";
				SWIFT_OPTIMIZATION_LEVEL = "-Onone";
			};
			name = Debug;
		};
		BD30F0982C57D3DD0065FCD1 /* Release */ = {
			isa = XCBuildConfiguration;
			buildSettings = {
				ALWAYS_SEARCH_USER_PATHS = NO;
				ASSETCATALOG_COMPILER_GENERATE_SWIFT_ASSET_SYMBOL_EXTENSIONS = YES;
				CLANG_ANALYZER_NONNULL = YES;
				CLANG_ANALYZER_NUMBER_OBJECT_CONVERSION = YES_AGGRESSIVE;
				CLANG_CXX_LANGUAGE_STANDARD = "gnu++20";
				CLANG_ENABLE_MODULES = YES;
				CLANG_ENABLE_OBJC_ARC = YES;
				CLANG_ENABLE_OBJC_WEAK = YES;
				CLANG_WARN_BLOCK_CAPTURE_AUTORELEASING = YES;
				CLANG_WARN_BOOL_CONVERSION = YES;
				CLANG_WARN_COMMA = YES;
				CLANG_WARN_CONSTANT_CONVERSION = YES;
				CLANG_WARN_DEPRECATED_OBJC_IMPLEMENTATIONS = YES;
				CLANG_WARN_DIRECT_OBJC_ISA_USAGE = YES_ERROR;
				CLANG_WARN_DOCUMENTATION_COMMENTS = YES;
				CLANG_WARN_EMPTY_BODY = YES;
				CLANG_WARN_ENUM_CONVERSION = YES;
				CLANG_WARN_INFINITE_RECURSION = YES;
				CLANG_WARN_INT_CONVERSION = YES;
				CLANG_WARN_NON_LITERAL_NULL_CONVERSION = YES;
				CLANG_WARN_OBJC_IMPLICIT_RETAIN_SELF = YES;
				CLANG_WARN_OBJC_LITERAL_CONVERSION = YES;
				CLANG_WARN_OBJC_ROOT_CLASS = YES_ERROR;
				CLANG_WARN_QUOTED_INCLUDE_IN_FRAMEWORK_HEADER = YES;
				CLANG_WARN_RANGE_LOOP_ANALYSIS = YES;
				CLANG_WARN_STRICT_PROTOTYPES = YES;
				CLANG_WARN_SUSPICIOUS_MOVE = YES;
				CLANG_WARN_UNGUARDED_AVAILABILITY = YES_AGGRESSIVE;
				CLANG_WARN_UNREACHABLE_CODE = YES;
				CLANG_WARN__DUPLICATE_METHOD_MATCH = YES;
				COPY_PHASE_STRIP = NO;
				DEBUG_INFORMATION_FORMAT = "dwarf-with-dsym";
				ENABLE_NS_ASSERTIONS = NO;
				ENABLE_STRICT_OBJC_MSGSEND = YES;
				ENABLE_USER_SCRIPT_SANDBOXING = YES;
				GCC_C_LANGUAGE_STANDARD = gnu17;
				GCC_NO_COMMON_BLOCKS = YES;
				GCC_WARN_64_TO_32_BIT_CONVERSION = YES;
				GCC_WARN_ABOUT_RETURN_TYPE = YES_ERROR;
				GCC_WARN_UNDECLARED_SELECTOR = YES;
				GCC_WARN_UNINITIALIZED_AUTOS = YES_AGGRESSIVE;
				GCC_WARN_UNUSED_FUNCTION = YES;
				GCC_WARN_UNUSED_VARIABLE = YES;
				IPHONEOS_DEPLOYMENT_TARGET = 17.5;
				LOCALIZATION_PREFERS_STRING_CATALOGS = YES;
				MTL_ENABLE_DEBUG_INFO = NO;
				MTL_FAST_MATH = YES;
				SDKROOT = iphoneos;
				SWIFT_COMPILATION_MODE = wholemodule;
				VALIDATE_PRODUCT = YES;
			};
			name = Release;
		};
		BD30F09A2C57D3DD0065FCD1 /* Debug */ = {
			isa = XCBuildConfiguration;
			buildSettings = {
				ASSETCATALOG_COMPILER_APPICON_NAME = AppIcon;
				ASSETCATALOG_COMPILER_GLOBAL_ACCENT_COLOR_NAME = AccentColor;
				CODE_SIGN_STYLE = Automatic;
				CURRENT_PROJECT_VERSION = 1;
				DEVELOPMENT_ASSET_PATHS = "\"KWKDAY6Questionapp/Preview Content\"";
				ENABLE_PREVIEWS = YES;
				GENERATE_INFOPLIST_FILE = YES;
				INFOPLIST_KEY_UIApplicationSceneManifest_Generation = YES;
				INFOPLIST_KEY_UIApplicationSupportsIndirectInputEvents = YES;
				INFOPLIST_KEY_UILaunchScreen_Generation = YES;
				INFOPLIST_KEY_UISupportedInterfaceOrientations_iPad = "UIInterfaceOrientationPortrait UIInterfaceOrientationPortraitUpsideDown UIInterfaceOrientationLandscapeLeft UIInterfaceOrientationLandscapeRight";
				INFOPLIST_KEY_UISupportedInterfaceOrientations_iPhone = "UIInterfaceOrientationPortrait UIInterfaceOrientationLandscapeLeft UIInterfaceOrientationLandscapeRight";
				LD_RUNPATH_SEARCH_PATHS = (
					"$(inherited)",
					"@executable_path/Frameworks",
				);
				MARKETING_VERSION = 1.0;
				PRODUCT_BUNDLE_IDENTIFIER = kwk.KWKDAY6Questionapp;
				PRODUCT_NAME = "$(TARGET_NAME)";
				SWIFT_EMIT_LOC_STRINGS = YES;
				SWIFT_VERSION = 5.0;
				TARGETED_DEVICE_FAMILY = "1,2";
			};
			name = Debug;
		};
		BD30F09B2C57D3DD0065FCD1 /* Release */ = {
			isa = XCBuildConfiguration;
			buildSettings = {
				ASSETCATALOG_COMPILER_APPICON_NAME = AppIcon;
				ASSETCATALOG_COMPILER_GLOBAL_ACCENT_COLOR_NAME = AccentColor;
				CODE_SIGN_STYLE = Automatic;
				CURRENT_PROJECT_VERSION = 1;
				DEVELOPMENT_ASSET_PATHS = "\"KWKDAY6Questionapp/Preview Content\"";
				ENABLE_PREVIEWS = YES;
				GENERATE_INFOPLIST_FILE = YES;
				INFOPLIST_KEY_UIApplicationSceneManifest_Generation = YES;
				INFOPLIST_KEY_UIApplicationSupportsIndirectInputEvents = YES;
				INFOPLIST_KEY_UILaunchScreen_Generation = YES;
				INFOPLIST_KEY_UISupportedInterfaceOrientations_iPad = "UIInterfaceOrientationPortrait UIInterfaceOrientationPortraitUpsideDown UIInterfaceOrientationLandscapeLeft UIInterfaceOrientationLandscapeRight";
				INFOPLIST_KEY_UISupportedInterfaceOrientations_iPhone = "UIInterfaceOrientationPortrait UIInterfaceOrientationLandscapeLeft UIInterfaceOrientationLandscapeRight";
				LD_RUNPATH_SEARCH_PATHS = (
					"$(inherited)",
					"@executable_path/Frameworks",
				);
				MARKETING_VERSION = 1.0;
				PRODUCT_BUNDLE_IDENTIFIER = kwk.KWKDAY6Questionapp;
				PRODUCT_NAME = "$(TARGET_NAME)";
				SWIFT_EMIT_LOC_STRINGS = YES;
				SWIFT_VERSION = 5.0;
				TARGETED_DEVICE_FAMILY = "1,2";
			};
			name = Release;
		};
/* End XCBuildConfiguration section */

/* Begin XCConfigurationList section */
		BD30F0862C57D3DC0065FCD1 /* Build configuration list for PBXProject "KWKDAY6Questionapp" */ = {
			isa = XCConfigurationList;
			buildConfigurations = (
				BD30F0972C57D3DD0065FCD1 /* Debug */,
				BD30F0982C57D3DD0065FCD1 /* Release */,
			);
			defaultConfigurationIsVisible = 0;
			defaultConfigurationName = Release;
		};
		BD30F0992C57D3DD0065FCD1 /* Build configuration list for PBXNativeTarget "KWKDAY6Questionapp" */ = {
			isa = XCConfigurationList;
			buildConfigurations = (
				BD30F09A2C57D3DD0065FCD1 /* Debug */,
				BD30F09B2C57D3DD0065FCD1 /* Release */,
			);
			defaultConfigurationIsVisible = 0;
			defaultConfigurationName = Release;
		};
/* End XCConfigurationList section */
	};
	rootObject = BD30F0832C57D3DC0065FCD1 /* Project object */;
}
